
Microsoft Visual Studio Solution File, Format Version 12.00
# Visual Studio Version 17
VisualStudioVersion = 17.13.35931.197 d17.13
MinimumVisualStudioVersion = 10.0.40219.1
Project("{FAE04EC0-301F-11D3-BF4B-00C04F79EFBC}") = "BankApp.Forms", "BankApp.Forms.csproj", "{18221288-4F8A-44BB-AD05-7BB01D0F19DB}"
EndProject
Project("{FAE04EC0-301F-11D3-BF4B-00C04F79EFBC}") = "BankApp.Services", "..\BankApp.Services\BankApp.Services.csproj", "{5EF8FCA0-38EE-4668-B711-A020A23C1E97}"
EndProject
Project("{FAE04EC0-301F-11D3-BF4B-00C04F79EFBC}") = "BankApp.Models", "..\BankApp.Models\BankApp.Models.csproj", "{D56A35B1-A95B-459A-A887-01CFF81EC87C}"
EndProject
Global
	GlobalSection(SolutionConfigurationPlatforms) = preSolution
		Debug|Any CPU = Debug|Any CPU
		Release|Any CPU = Release|Any CPU
	EndGlobalSection
	GlobalSection(ProjectConfigurationPlatforms) = postSolution
		{18221288-4F8A-44BB-AD05-7BB01D0F19DB}.Debug|Any CPU.ActiveCfg = Debug|Any CPU
		{18221288-4F8A-44BB-AD05-7BB01D0F19DB}.Debug|Any CPU.Build.0 = Debug|Any CPU
		{18221288-4F8A-44BB-AD05-7BB01D0F19DB}.Release|Any CPU.ActiveCfg = Release|Any CPU
		{18221288-4F8A-44BB-AD05-7BB01D0F19DB}.Release|Any CPU.Build.0 = Release|Any CPU
		{5EF8FCA0-38EE-4668-B711-A020A23C1E97}.Debug|Any CPU.ActiveCfg = Debug|Any CPU
		{5EF8FCA0-38EE-4668-B711-A020A23C1E97}.Debug|Any CPU.Build.0 = Debug|Any CPU
		{5EF8FCA0-38EE-4668-B711-A020A23C1E97}.Release|Any CPU.ActiveCfg = Release|Any CPU
		{5EF8FCA0-38EE-4668-B711-A020A23C1E97}.Release|Any CPU.Build.0 = Release|Any CPU
		{D56A35B1-A95B-459A-A887-01CFF81EC87C}.Debug|Any CPU.ActiveCfg = Debug|Any CPU
		{D56A35B1-A95B-459A-A887-01CFF81EC87C}.Debug|Any CPU.Build.0 = Debug|Any CPU
		{D56A35B1-A95B-459A-A887-01CFF81EC87C}.Release|Any CPU.ActiveCfg = Release|Any CPU
		{D56A35B1-A95B-459A-A887-01CFF81EC87C}.Release|Any CPU.Build.0 = Release|Any CPU
	EndGlobalSection
	GlobalSection(SolutionProperties) = preSolution
		HideSolutionNode = FALSE
	EndGlobalSection
	GlobalSection(ExtensibilityGlobals) = postSolution
		SolutionGuid = {6995ED77-768C-49B2-BD89-9DDE6D87FD5B}
	EndGlobalSection
EndGlobal
